// !$*UTF8*$!
{
	archiveVersion = 1;
	classes = {
	};
	objectVersion = 55;
	objects = {

/* Begin PBXBuildFile section */
		ACFDFF1C2A54726600F161BB /* FirebaseRemoteConfigurationApp.swift in Sources */ = {isa = PBXBuildFile; fileRef = ACFDFF1B2A54726600F161BB /* FirebaseRemoteConfigurationApp.swift */; };
		ACFDFF1E2A54726600F161BB /* HomeView.swift in Sources */ = {isa = PBXBuildFile; fileRef = ACFDFF1D2A54726600F161BB /* HomeView.swift */; };
		ACFDFF202A54726700F161BB /* Assets.xcassets in Resources */ = {isa = PBXBuildFile; fileRef = ACFDFF1F2A54726700F161BB /* Assets.xcassets */; };
		ACFDFF232A54726700F161BB /* Preview Assets.xcassets in Resources */ = {isa = PBXBuildFile; fileRef = ACFDFF222A54726700F161BB /* Preview Assets.xcassets */; };
		ACFDFF2B2A5472AF00F161BB /* FirebaseRemoteConfig in Frameworks */ = {isa = PBXBuildFile; productRef = ACFDFF2A2A5472AF00F161BB /* FirebaseRemoteConfig */; };
		ACFDFF2D2A54739A00F161BB /* GoogleService-Info.plist in Resources */ = {isa = PBXBuildFile; fileRef = ACFDFF2C2A54739A00F161BB /* GoogleService-Info.plist */; };
		ACFDFF2F2A5473F700F161BB /* FirebaseManager.swift in Sources */ = {isa = PBXBuildFile; fileRef = ACFDFF2E2A5473F700F161BB /* FirebaseManager.swift */; };
		ACFDFF312A54759900F161BB /* DetailView.swift in Sources */ = {isa = PBXBuildFile; fileRef = ACFDFF302A54759900F161BB /* DetailView.swift */; };
		ACFDFF342A54790900F161BB /* Kingfisher in Frameworks */ = {isa = PBXBuildFile; productRef = ACFDFF332A54790900F161BB /* Kingfisher */; };
/* End PBXBuildFile section */

/* Begin PBXFileReference section */
		ACFDFF182A54726600F161BB /* FirebaseRemoteConfiguration.app */ = {isa = PBXFileReference; explicitFileType = wrapper.application; includeInIndex = 0; path = FirebaseRemoteConfiguration.app; sourceTree = BUILT_PRODUCTS_DIR; };
		ACFDFF1B2A54726600F161BB /* FirebaseRemoteConfigurationApp.swift */ = {isa = PBXFileReference; lastKnownFileType = sourcecode.swift; path = FirebaseRemoteConfigurationApp.swift; sourceTree = "<group>"; };
		ACFDFF1D2A54726600F161BB /* HomeView.swift */ = {isa = PBXFileReference; lastKnownFileType = sourcecode.swift; path = HomeView.swift; sourceTree = "<group>"; };
		ACFDFF1F2A54726700F161BB /* Assets.xcassets */ = {isa = PBXFileReference; lastKnownFileType = folder.assetcatalog; path = Assets.xcassets; sourceTree = "<group>"; };
		ACFDFF222A54726700F161BB /* Preview Assets.xcassets */ = {isa = PBXFileReference; lastKnownFileType = folder.assetcatalog; path = "Preview Assets.xcassets"; sourceTree = "<group>"; };
		ACFDFF2C2A54739A00F161BB /* GoogleService-Info.plist */ = {isa = PBXFileReference; fileEncoding = 4; lastKnownFileType = text.plist.xml; path = "GoogleService-Info.plist"; sourceTree = "<group>"; };
		ACFDFF2E2A5473F700F161BB /* FirebaseManager.swift */ = {isa = PBXFileReference; lastKnownFileType = sourcecode.swift; path = FirebaseManager.swift; sourceTree = "<group>"; };
		ACFDFF302A54759900F161BB /* DetailView.swift */ = {isa = PBXFileReference; lastKnownFileType = sourcecode.swift; path = DetailView.swift; sourceTree = "<group>"; };
/* End PBXFileReference section */

/* Begin PBXFrameworksBuildPhase section */
		ACFDFF152A54726600F161BB /* Frameworks */ = {
			isa = PBXFrameworksBuildPhase;
			buildActionMask = 2147483647;
			files = (
				ACFDFF342A54790900F161BB /* Kingfisher in Frameworks */,
				ACFDFF2B2A5472AF00F161BB /* FirebaseRemoteConfig in Frameworks */,
			);
			runOnlyForDeploymentPostprocessing = 0;
		};
/* End PBXFrameworksBuildPhase section */

/* Begin PBXGroup section */
		ACFDFF0F2A54726600F161BB = {
			isa = PBXGroup;
			children = (
				ACFDFF1A2A54726600F161BB /* FirebaseRemoteConfiguration */,
				ACFDFF192A54726600F161BB /* Products */,
			);
			sourceTree = "<group>";
		};
		ACFDFF192A54726600F161BB /* Products */ = {
			isa = PBXGroup;
			children = (
				ACFDFF182A54726600F161BB /* FirebaseRemoteConfiguration.app */,
			);
			name = Products;
			sourceTree = "<group>";
		};
		ACFDFF1A2A54726600F161BB /* FirebaseRemoteConfiguration */ = {
			isa = PBXGroup;
			children = (
				ACFDFF1B2A54726600F161BB /* FirebaseRemoteConfigurationApp.swift */,
				ACFDFF1D2A54726600F161BB /* HomeView.swift */,
				ACFDFF302A54759900F161BB /* DetailView.swift */,
				ACFDFF2E2A5473F700F161BB /* FirebaseManager.swift */,
				ACFDFF1F2A54726700F161BB /* Assets.xcassets */,
				ACFDFF2C2A54739A00F161BB /* GoogleService-Info.plist */,
				ACFDFF212A54726700F161BB /* Preview Content */,
			);
			path = FirebaseRemoteConfiguration;
			sourceTree = "<group>";
		};
		ACFDFF212A54726700F161BB /* Preview Content */ = {
			isa = PBXGroup;
			children = (
				ACFDFF222A54726700F161BB /* Preview Assets.xcassets */,
			);
			path = "Preview Content";
			sourceTree = "<group>";
		};
/* End PBXGroup section */

/* Begin PBXNativeTarget section */
		ACFDFF172A54726600F161BB /* FirebaseRemoteConfiguration */ = {
			isa = PBXNativeTarget;
			buildConfigurationList = ACFDFF262A54726700F161BB /* Build configuration list for PBXNativeTarget "FirebaseRemoteConfiguration" */;
			buildPhases = (
				ACFDFF142A54726600F161BB /* Sources */,
				ACFDFF152A54726600F161BB /* Frameworks */,
				ACFDFF162A54726600F161BB /* Resources */,
			);
			buildRules = (
			);
			dependencies = (
			);
			name = FirebaseRemoteConfiguration;
			packageProductDependencies = (
				ACFDFF2A2A5472AF00F161BB /* FirebaseRemoteConfig */,
				ACFDFF332A54790900F161BB /* Kingfisher */,
			);
			productName = FirebaseRemoteConfiguration;
			productReference = ACFDFF182A54726600F161BB /* FirebaseRemoteConfiguration.app */;
			productType = "com.apple.product-type.application";
		};
/* End PBXNativeTarget section */

/* Begin PBXProject section */
		ACFDFF102A54726600F161BB /* Project object */ = {
			isa = PBXProject;
			attributes = {
				BuildIndependentTargetsInParallel = 1;
				LastSwiftUpdateCheck = 1430;
				LastUpgradeCheck = 1430;
				TargetAttributes = {
					ACFDFF172A54726600F161BB = {
						CreatedOnToolsVersion = 14.3;
					};
				};
			};
			buildConfigurationList = ACFDFF132A54726600F161BB /* Build configuration list for PBXProject "FirebaseRemoteConfiguration" */;
			compatibilityVersion = "Xcode 13.0";
			developmentRegion = en;
			hasScannedForEncodings = 0;
			knownRegions = (
				en,
				Base,
			);
			mainGroup = ACFDFF0F2A54726600F161BB;
			packageReferences = (
				ACFDFF292A5472AF00F161BB /* XCRemoteSwiftPackageReference "firebase-ios-sdk" */,
				ACFDFF322A54790900F161BB /* XCRemoteSwiftPackageReference "Kingfisher" */,
			);
			productRefGroup = ACFDFF192A54726600F161BB /* Products */;
			projectDirPath = "";
			projectRoot = "";
			targets = (
				ACFDFF172A54726600F161BB /* FirebaseRemoteConfiguration */,
			);
		};
/* End PBXProject section */

/* Begin PBXResourcesBuildPhase section */
		ACFDFF162A54726600F161BB /* Resources */ = {
			isa = PBXResourcesBuildPhase;
			buildActionMask = 2147483647;
			files = (
				ACFDFF232A54726700F161BB /* Preview Assets.xcassets in Resources */,
				ACFDFF202A54726700F161BB /* Assets.xcassets in Resources */,
				ACFDFF2D2A54739A00F161BB /* GoogleService-Info.plist in Resources */,
			);
			runOnlyForDeploymentPostprocessing = 0;
		};
/* End PBXResourcesBuildPhase section */

/* Begin PBXSourcesBuildPhase section */
		ACFDFF142A54726600F161BB /* Sources */ = {
			isa = PBXSourcesBuildPhase;
			buildActionMask = 2147483647;
			files = (
				ACFDFF2F2A5473F700F161BB /* FirebaseManager.swift in Sources */,
				ACFDFF312A54759900F161BB /* DetailView.swift in Sources */,
				ACFDFF1E2A54726600F161BB /* HomeView.swift in Sources */,
				ACFDFF1C2A54726600F161BB /* FirebaseRemoteConfigurationApp.swift in Sources */,
			);
			runOnlyForDeploymentPostprocessing = 0;
		};
/* End PBXSourcesBuildPhase section */

/* Begin XCBuildConfiguration section */
		ACFDFF242A54726700F161BB /* Debug */ = {
			isa = XCBuildConfiguration;
			buildSettings = {
				ALWAYS_SEARCH_USER_PATHS = NO;
				CLANG_ANALYZER_NONNULL = YES;
				CLANG_ANALYZER_NUMBER_OBJECT_CONVERSION = YES_AGGRESSIVE;
				CLANG_CXX_LANGUAGE_STANDARD = "gnu++20";
				CLANG_ENABLE_MODULES = YES;
				CLANG_ENABLE_OBJC_ARC = YES;
				CLANG_ENABLE_OBJC_WEAK = YES;
				CLANG_WARN_BLOCK_CAPTURE_AUTORELEASING = YES;
				CLANG_WARN_BOOL_CONVERSION = YES;
				CLANG_WARN_COMMA = YES;
				CLANG_WARN_CONSTANT_CONVERSION = YES;
				CLANG_WARN_DEPRECATED_OBJC_IMPLEMENTATIONS = YES;
				CLANG_WARN_DIRECT_OBJC_ISA_USAGE = YES_ERROR;
				CLANG_WARN_DOCUMENTATION_COMMENTS = YES;
				CLANG_WARN_EMPTY_BODY = YES;
				CLANG_WARN_ENUM_CONVERSION = YES;
				CLANG_WARN_INFINITE_RECURSION = YES;
				CLANG_WARN_INT_CONVERSION = YES;
				CLANG_WARN_NON_LITERAL_NULL_CONVERSION = YES;
				CLANG_WARN_OBJC_IMPLICIT_RETAIN_SELF = YES;
				CLANG_WARN_OBJC_LITERAL_CONVERSION = YES;
				CLANG_WARN_OBJC_ROOT_CLASS = YES_ERROR;
				CLANG_WARN_QUOTED_INCLUDE_IN_FRAMEWORK_HEADER = YES;
				CLANG_WARN_RANGE_LOOP_ANALYSIS = YES;
				CLANG_WARN_STRICT_PROTOTYPES = YES;
				CLANG_WARN_SUSPICIOUS_MOVE = YES;
				CLANG_WARN_UNGUARDED_AVAILABILITY = YES_AGGRESSIVE;
				CLANG_WARN_UNREACHABLE_CODE = YES;
				CLANG_WARN__DUPLICATE_METHOD_MATCH = YES;
				COPY_PHASE_STRIP = NO;
				DEBUG_INFORMATION_FORMAT = dwarf;
				ENABLE_STRICT_OBJC_MSGSEND = YES;
				ENABLE_TESTABILITY = YES;
				GCC_C_LANGUAGE_STANDARD = gnu11;
				GCC_DYNAMIC_NO_PIC = NO;
				GCC_NO_COMMON_BLOCKS = YES;
				GCC_OPTIMIZATION_LEVEL = 0;
				GCC_PREPROCESSOR_DEFINITIONS = (
					"DEBUG=1",
					"$(inherited)",
				);
				GCC_WARN_64_TO_32_BIT_CONVERSION = YES;
				GCC_WARN_ABOUT_RETURN_TYPE = YES_ERROR;
				GCC_WARN_UNDECLARED_SELECTOR = YES;
				GCC_WARN_UNINITIALIZED_AUTOS = YES_AGGRESSIVE;
				GCC_WARN_UNUSED_FUNCTION = YES;
				GCC_WARN_UNUSED_VARIABLE = YES;
				IPHONEOS_DEPLOYMENT_TARGET = 14.0;
				MTL_ENABLE_DEBUG_INFO = INCLUDE_SOURCE;
				MTL_FAST_MATH = YES;
				ONLY_ACTIVE_ARCH = YES;
				SDKROOT = iphoneos;
				SWIFT_ACTIVE_COMPILATION_CONDITIONS = DEBUG;
				SWIFT_OPTIMIZATION_LEVEL = "-Onone";
			};
			name = Debug;
		};
		ACFDFF252A54726700F161BB /* Release */ = {
			isa = XCBuildConfiguration;
			buildSettings = {
				ALWAYS_SEARCH_USER_PATHS = NO;
				CLANG_ANALYZER_NONNULL = YES;
				CLANG_ANALYZER_NUMBER_OBJECT_CONVERSION = YES_AGGRESSIVE;
				CLANG_CXX_LANGUAGE_STANDARD = "gnu++20";
				CLANG_ENABLE_MODULES = YES;
				CLANG_ENABLE_OBJC_ARC = YES;
				CLANG_ENABLE_OBJC_WEAK = YES;
				CLANG_WARN_BLOCK_CAPTURE_AUTORELEASING = YES;
				CLANG_WARN_BOOL_CONVERSION = YES;
				CLANG_WARN_COMMA = YES;
				CLANG_WARN_CONSTANT_CONVERSION = YES;
				CLANG_WARN_DEPRECATED_OBJC_IMPLEMENTATIONS = YES;
				CLANG_WARN_DIRECT_OBJC_ISA_USAGE = YES_ERROR;
				CLANG_WARN_DOCUMENTATION_COMMENTS = YES;
				CLANG_WARN_EMPTY_BODY = YES;
				CLANG_WARN_ENUM_CONVERSION = YES;
				CLANG_WARN_INFINITE_RECURSION = YES;
				CLANG_WARN_INT_CONVERSION = YES;
				CLANG_WARN_NON_LITERAL_NULL_CONVERSION = YES;
				CLANG_WARN_OBJC_IMPLICIT_RETAIN_SELF = YES;
				CLANG_WARN_OBJC_LITERAL_CONVERSION = YES;
				CLANG_WARN_OBJC_ROOT_CLASS = YES_ERROR;
				CLANG_WARN_QUOTED_INCLUDE_IN_FRAMEWORK_HEADER = YES;
				CLANG_WARN_RANGE_LOOP_ANALYSIS = YES;
				CLANG_WARN_STRICT_PROTOTYPES = YES;
				CLANG_WARN_SUSPICIOUS_MOVE = YES;
				CLANG_WARN_UNGUARDED_AVAILABILITY = YES_AGGRESSIVE;
				CLANG_WARN_UNREACHABLE_CODE = YES;
				CLANG_WARN__DUPLICATE_METHOD_MATCH = YES;
				COPY_PHASE_STRIP = NO;
				DEBUG_INFORMATION_FORMAT = "dwarf-with-dsym";
				ENABLE_NS_ASSERTIONS = NO;
				ENABLE_STRICT_OBJC_MSGSEND = YES;
				GCC_C_LANGUAGE_STANDARD = gnu11;
				GCC_NO_COMMON_BLOCKS = YES;
				GCC_WARN_64_TO_32_BIT_CONVERSION = YES;
				GCC_WARN_ABOUT_RETURN_TYPE = YES_ERROR;
				GCC_WARN_UNDECLARED_SELECTOR = YES;
				GCC_WARN_UNINITIALIZED_AUTOS = YES_AGGRESSIVE;
				GCC_WARN_UNUSED_FUNCTION = YES;
				GCC_WARN_UNUSED_VARIABLE = YES;
				IPHONEOS_DEPLOYMENT_TARGET = 14.0;
				MTL_ENABLE_DEBUG_INFO = NO;
				MTL_FAST_MATH = YES;
				SDKROOT = iphoneos;
				SWIFT_COMPILATION_MODE = wholemodule;
				SWIFT_OPTIMIZATION_LEVEL = "-O";
				VALIDATE_PRODUCT = YES;
			};
			name = Release;
		};
		ACFDFF272A54726700F161BB /* Debug */ = {
			isa = XCBuildConfiguration;
			buildSettings = {
				ASSETCATALOG_COMPILER_APPICON_NAME = AppIcon;
				ASSETCATALOG_COMPILER_GLOBAL_ACCENT_COLOR_NAME = AccentColor;
				CODE_SIGN_STYLE = Automatic;
				CURRENT_PROJECT_VERSION = 1;
				DEVELOPMENT_ASSET_PATHS = "\"FirebaseRemoteConfiguration/Preview Content\"";
				DEVELOPMENT_TEAM = M4SYRBQBFW;
				ENABLE_PREVIEWS = YES;
				GENERATE_INFOPLIST_FILE = YES;
				INFOPLIST_KEY_UIApplicationSceneManifest_Generation = YES;
				INFOPLIST_KEY_UIApplicationSupportsIndirectInputEvents = YES;
				INFOPLIST_KEY_UILaunchScreen_Generation = YES;
				INFOPLIST_KEY_UISupportedInterfaceOrientations_iPad = "UIInterfaceOrientationPortrait UIInterfaceOrientationPortraitUpsideDown UIInterfaceOrientationLandscapeLeft UIInterfaceOrientationLandscapeRight";
				INFOPLIST_KEY_UISupportedInterfaceOrientations_iPhone = "UIInterfaceOrientationPortrait UIInterfaceOrientationLandscapeLeft UIInterfaceOrientationLandscapeRight";
				IPHONEOS_DEPLOYMENT_TARGET = 14.0;
				LD_RUNPATH_SEARCH_PATHS = (
					"$(inherited)",
					"@executable_path/Frameworks",
				);
				MARKETING_VERSION = 1.0;
				PRODUCT_BUNDLE_IDENTIFIER = com.AhmedAmin.FirebaseRemoteConfiguration;
				PRODUCT_NAME = "$(TARGET_NAME)";
				SWIFT_EMIT_LOC_STRINGS = YES;
				SWIFT_VERSION = 5.0;
				TARGETED_DEVICE_FAMILY = "1,2";
			};
			name = Debug;
		};
		ACFDFF282A54726700F161BB /* Release */ = {
			isa = XCBuildConfiguration;
			buildSettings = {
				ASSETCATALOG_COMPILER_APPICON_NAME = AppIcon;
				ASSETCATALOG_COMPILER_GLOBAL_ACCENT_COLOR_NAME = AccentColor;
				CODE_SIGN_STYLE = Automatic;
				CURRENT_PROJECT_VERSION = 1;
				DEVELOPMENT_ASSET_PATHS = "\"FirebaseRemoteConfiguration/Preview Content\"";
				DEVELOPMENT_TEAM = M4SYRBQBFW;
				ENABLE_PREVIEWS = YES;
				GENERATE_INFOPLIST_FILE = YES;
				INFOPLIST_KEY_UIApplicationSceneManifest_Generation = YES;
				INFOPLIST_KEY_UIApplicationSupportsIndirectInputEvents = YES;
				INFOPLIST_KEY_UILaunchScreen_Generation = YES;
				INFOPLIST_KEY_UISupportedInterfaceOrientations_iPad = "UIInterfaceOrientationPortrait UIInterfaceOrientationPortraitUpsideDown UIInterfaceOrientationLandscapeLeft UIInterfaceOrientationLandscapeRight";
				INFOPLIST_KEY_UISupportedInterfaceOrientations_iPhone = "UIInterfaceOrientationPortrait UIInterfaceOrientationLandscapeLeft UIInterfaceOrientationLandscapeRight";
				IPHONEOS_DEPLOYMENT_TARGET = 14.0;
				LD_RUNPATH_SEARCH_PATHS = (
					"$(inherited)",
					"@executable_path/Frameworks",
				);
				MARKETING_VERSION = 1.0;
				PRODUCT_BUNDLE_IDENTIFIER = com.AhmedAmin.FirebaseRemoteConfiguration;
				PRODUCT_NAME = "$(TARGET_NAME)";
				SWIFT_EMIT_LOC_STRINGS = YES;
				SWIFT_VERSION = 5.0;
				TARGETED_DEVICE_FAMILY = "1,2";
			};
			name = Release;
		};
/* End XCBuildConfiguration section */

/* Begin XCConfigurationList section */
		ACFDFF132A54726600F161BB /* Build configuration list for PBXProject "FirebaseRemoteConfiguration" */ = {
			isa = XCConfigurationList;
			buildConfigurations = (
				ACFDFF242A54726700F161BB /* Debug */,
				ACFDFF252A54726700F161BB /* Release */,
			);
			defaultConfigurationIsVisible = 0;
			defaultConfigurationName = Release;
		};
		ACFDFF262A54726700F161BB /* Build configuration list for PBXNativeTarget "FirebaseRemoteConfiguration" */ = {
			isa = XCConfigurationList;
			buildConfigurations = (
				ACFDFF272A54726700F161BB /* Debug */,
				ACFDFF282A54726700F161BB /* Release */,
			);
			defaultConfigurationIsVisible = 0;
			defaultConfigurationName = Release;
		};
/* End XCConfigurationList section */

/* Begin XCRemoteSwiftPackageReference section */
		ACFDFF292A5472AF00F161BB /* XCRemoteSwiftPackageReference "firebase-ios-sdk" */ = {
			isa = XCRemoteSwiftPackageReference;
			repositoryURL = "https://github.com/firebase/firebase-ios-sdk";
			requirement = {
				kind = upToNextMajorVersion;
				minimumVersion = 10.0.0;
			};
		};
		ACFDFF322A54790900F161BB /* XCRemoteSwiftPackageReference "Kingfisher" */ = {
			isa = XCRemoteSwiftPackageReference;
			repositoryURL = "https://github.com/onevcat/Kingfisher.git";
			requirement = {
				kind = upToNextMajorVersion;
				minimumVersion = 7.0.0;
			};
		};
/* End XCRemoteSwiftPackageReference section */

/* Begin XCSwiftPackageProductDependency section */
		ACFDFF2A2A5472AF00F161BB /* FirebaseRemoteConfig */ = {
			isa = XCSwiftPackageProductDependency;
			package = ACFDFF292A5472AF00F161BB /* XCRemoteSwiftPackageReference "firebase-ios-sdk" */;
			productName = FirebaseRemoteConfig;
		};
		ACFDFF332A54790900F161BB /* Kingfisher */ = {
			isa = XCSwiftPackageProductDependency;
			package = ACFDFF322A54790900F161BB /* XCRemoteSwiftPackageReference "Kingfisher" */;
			productName = Kingfisher;
		};
/* End XCSwiftPackageProductDependency section */
	};
	rootObject = ACFDFF102A54726600F161BB /* Project object */;
}
